
Microsoft Visual Studio Solution File, Format Version 12.00
# Visual Studio 2013
VisualStudioVersion = 12.0.31101.0
MinimumVisualStudioVersion = 10.0.40219.1
Project("{2150E333-8FDC-42A3-9474-1A3956D46DE8}") = "CreationalPatterns", "CreationalPatterns", "{0FB7CC6E-7894-4628-A102-022496D46F0B}"
EndProject
Project("{2150E333-8FDC-42A3-9474-1A3956D46DE8}") = "StructuralPatterns", "StructuralPatterns", "{23455AA5-18BF-4F3B-8C98-41FCB1C71F0C}"
EndProject
Project("{2150E333-8FDC-42A3-9474-1A3956D46DE8}") = "BehavioralPatterns", "BehavioralPatterns", "{C0D4B0CE-547B-484A-88FB-A47228DF83A0}"
EndProject
Project("{2150E333-8FDC-42A3-9474-1A3956D46DE8}") = "Builder", "Builder", "{DA79BD4E-1B48-416A-BC3A-73FE164B2545}"
EndProject
Project("{2150E333-8FDC-42A3-9474-1A3956D46DE8}") = "Factories", "Factories", "{EC2950C0-613B-42AC-9A82-4536163D3C9D}"
EndProject
Project("{2150E333-8FDC-42A3-9474-1A3956D46DE8}") = "Factory", "Factory", "{0E8985B7-974F-4FC9-A037-0DF8DC6927EF}"
EndProject
Project("{2150E333-8FDC-42A3-9474-1A3956D46DE8}") = "AbstractFactory", "AbstractFactory", "{C5D63ED9-0287-430B-A2E6-54D28F1EC651}"
EndProject
Project("{2150E333-8FDC-42A3-9474-1A3956D46DE8}") = "Prototype", "Prototype", "{995F4D37-735D-4ABC-85A8-BD3A671A4CDA}"
EndProject
Project("{2150E333-8FDC-42A3-9474-1A3956D46DE8}") = "Singleton", "Singleton", "{C24EED97-02F6-4FF7-BE16-B25BE421F149}"
EndProject
Project("{2150E333-8FDC-42A3-9474-1A3956D46DE8}") = "Adapter", "Adapter", "{80136534-8E8B-44CF-B898-908EFEAB13BA}"
EndProject
Project("{2150E333-8FDC-42A3-9474-1A3956D46DE8}") = "Bridge", "Bridge", "{03C49188-456E-480C-A51C-22017E031247}"
EndProject
Project("{2150E333-8FDC-42A3-9474-1A3956D46DE8}") = "Composite", "Composite", "{57E93EEA-16AA-49ED-BA44-95A97BAAEB70}"
EndProject
Project("{2150E333-8FDC-42A3-9474-1A3956D46DE8}") = "Decorator", "Decorator", "{A4986E6C-4C2B-4B49-981A-4F41F3B07A5C}"
EndProject
Project("{2150E333-8FDC-42A3-9474-1A3956D46DE8}") = "Facade", "Facade", "{C2925323-EBC5-4D07-BCCD-E68D059A0FC1}"
EndProject
Project("{2150E333-8FDC-42A3-9474-1A3956D46DE8}") = "Flyweight", "Flyweight", "{EA33835E-769D-4EC5-9123-CA7A25B409CE}"
EndProject
Project("{2150E333-8FDC-42A3-9474-1A3956D46DE8}") = "Proxy", "Proxy", "{4463ABF7-D6F6-4F1E-8C57-E1CB53398684}"
EndProject
Project("{2150E333-8FDC-42A3-9474-1A3956D46DE8}") = "ChainOfResponsibility", "ChainOfResponsibility", "{1007ACDE-996B-43F0-9067-56F7676A1981}"
EndProject
Project("{2150E333-8FDC-42A3-9474-1A3956D46DE8}") = "Command", "Command", "{15688671-E88E-4B3E-B56A-665EC6FAC0CC}"
EndProject
Project("{2150E333-8FDC-42A3-9474-1A3956D46DE8}") = "Interpreter", "Interpreter", "{AF738723-15FC-4098-98DF-E0AF90AF7E83}"
EndProject
Project("{2150E333-8FDC-42A3-9474-1A3956D46DE8}") = "Iterator", "Iterator", "{F889C0C3-C827-4310-ACA0-A2771C71D451}"
EndProject
Project("{2150E333-8FDC-42A3-9474-1A3956D46DE8}") = "Mediator", "Mediator", "{9C24AC9E-4355-4827-89ED-CFA35FC27E85}"
EndProject
Project("{2150E333-8FDC-42A3-9474-1A3956D46DE8}") = "Memento", "Memento", "{BDC926A6-1BED-4A93-897C-4D414B151834}"
EndProject
Project("{2150E333-8FDC-42A3-9474-1A3956D46DE8}") = "NullObject", "NullObject", "{9656073D-C256-4E26-B1A5-2C861B30BD09}"
EndProject
Project("{2150E333-8FDC-42A3-9474-1A3956D46DE8}") = "Observer", "Observer", "{D039614D-FA02-46C0-9319-A9C1476616E4}"
EndProject
Project("{2150E333-8FDC-42A3-9474-1A3956D46DE8}") = "State", "State", "{BB488F72-8A27-4B2D-81F8-6077C154B3B9}"
EndProject
Project("{2150E333-8FDC-42A3-9474-1A3956D46DE8}") = "Strategy", "Strategy", "{3A78E2B6-6CDD-49B7-A76C-0262A4178C5B}"
EndProject
Project("{2150E333-8FDC-42A3-9474-1A3956D46DE8}") = "TemplateMethod", "TemplateMethod", "{CBA31C08-EBB7-467E-9FB6-2BB5AA40A9C9}"
EndProject
Project("{2150E333-8FDC-42A3-9474-1A3956D46DE8}") = "Visitor", "Visitor", "{115C50FF-B83B-48FF-A417-D2FFEE68E3FA}"
EndProject
Project("{2150E333-8FDC-42A3-9474-1A3956D46DE8}") = "SOLID Principles", "SOLID Principles", "{B3C175E9-C591-441A-99EB-A208CD850D1E}"
EndProject
Project("{2150E333-8FDC-42A3-9474-1A3956D46DE8}") = "SingleResponsibility", "SingleResponsibility", "{07352748-5573-491B-B19F-A2D388A739AD}"
EndProject
Project("{2150E333-8FDC-42A3-9474-1A3956D46DE8}") = "OpenClosed", "OpenClosed", "{CF5ADEAA-7F47-490A-BF32-32BA9F5AA0F1}"
EndProject
Project("{2150E333-8FDC-42A3-9474-1A3956D46DE8}") = "LiskovSubstitution", "LiskovSubstitution", "{A7B6D791-ACCA-48F2-BEAD-D134935DA430}"
EndProject
Project("{2150E333-8FDC-42A3-9474-1A3956D46DE8}") = "InterfaceSegregation", "InterfaceSegregation", "{B6AA2DAC-644F-48CF-8472-82B5AEBE77B0}"
EndProject
Project("{2150E333-8FDC-42A3-9474-1A3956D46DE8}") = "DependencyInversion", "DependencyInversion", "{BE4B0048-A807-4FEB-A234-642294B994DD}"
EndProject
Project("{FAE04EC0-301F-11D3-BF4B-00C04F79EFBC}") = "Patterns.Solid.SingleResponsibility", "Patterns.Solid.SingleResponsibility\Patterns.Solid.SingleResponsibility.csproj", "{58AA0366-274D-4FEF-86ED-0314C23B94D3}"
EndProject
Project("{FAE04EC0-301F-11D3-BF4B-00C04F79EFBC}") = "Patterns.Solid.OpenClosed", "Patterns.Solid.OpenClosed\Patterns.Solid.OpenClosed.csproj", "{769FC7FD-691B-4809-97BF-C85C96C5CFE3}"
EndProject
Project("{FAE04EC0-301F-11D3-BF4B-00C04F79EFBC}") = "Patterns.Solid.OpenClosed.Simple", "Patterns.Solid.OpenClosed.Simple\Patterns.Solid.OpenClosed.Simple.csproj", "{F01FB3A4-C931-4B19-A7B3-174FDF7B27E4}"
EndProject
Project("{FAE04EC0-301F-11D3-BF4B-00C04F79EFBC}") = "Patterns.Solid.LiskovSubstitution", "Patterns.Solid.LiskovSubstitution\Patterns.Solid.LiskovSubstitution.csproj", "{ABF0632D-6142-4E2D-B3E6-01D575073F8F}"
EndProject
Global
	GlobalSection(SolutionConfigurationPlatforms) = preSolution
		Debug|Any CPU = Debug|Any CPU
		Release|Any CPU = Release|Any CPU
	EndGlobalSection
	GlobalSection(ProjectConfigurationPlatforms) = postSolution
		{58AA0366-274D-4FEF-86ED-0314C23B94D3}.Debug|Any CPU.ActiveCfg = Debug|Any CPU
		{58AA0366-274D-4FEF-86ED-0314C23B94D3}.Debug|Any CPU.Build.0 = Debug|Any CPU
		{58AA0366-274D-4FEF-86ED-0314C23B94D3}.Release|Any CPU.ActiveCfg = Release|Any CPU
		{58AA0366-274D-4FEF-86ED-0314C23B94D3}.Release|Any CPU.Build.0 = Release|Any CPU
		{769FC7FD-691B-4809-97BF-C85C96C5CFE3}.Debug|Any CPU.ActiveCfg = Debug|Any CPU
		{769FC7FD-691B-4809-97BF-C85C96C5CFE3}.Debug|Any CPU.Build.0 = Debug|Any CPU
		{769FC7FD-691B-4809-97BF-C85C96C5CFE3}.Release|Any CPU.ActiveCfg = Release|Any CPU
		{769FC7FD-691B-4809-97BF-C85C96C5CFE3}.Release|Any CPU.Build.0 = Release|Any CPU
		{F01FB3A4-C931-4B19-A7B3-174FDF7B27E4}.Debug|Any CPU.ActiveCfg = Debug|Any CPU
		{F01FB3A4-C931-4B19-A7B3-174FDF7B27E4}.Debug|Any CPU.Build.0 = Debug|Any CPU
		{F01FB3A4-C931-4B19-A7B3-174FDF7B27E4}.Release|Any CPU.ActiveCfg = Release|Any CPU
		{F01FB3A4-C931-4B19-A7B3-174FDF7B27E4}.Release|Any CPU.Build.0 = Release|Any CPU
		{ABF0632D-6142-4E2D-B3E6-01D575073F8F}.Debug|Any CPU.ActiveCfg = Debug|Any CPU
		{ABF0632D-6142-4E2D-B3E6-01D575073F8F}.Debug|Any CPU.Build.0 = Debug|Any CPU
		{ABF0632D-6142-4E2D-B3E6-01D575073F8F}.Release|Any CPU.ActiveCfg = Release|Any CPU
		{ABF0632D-6142-4E2D-B3E6-01D575073F8F}.Release|Any CPU.Build.0 = Release|Any CPU
	EndGlobalSection
	GlobalSection(SolutionProperties) = preSolution
		HideSolutionNode = FALSE
	EndGlobalSection
	GlobalSection(NestedProjects) = preSolution
		{DA79BD4E-1B48-416A-BC3A-73FE164B2545} = {0FB7CC6E-7894-4628-A102-022496D46F0B}
		{EC2950C0-613B-42AC-9A82-4536163D3C9D} = {0FB7CC6E-7894-4628-A102-022496D46F0B}
		{0E8985B7-974F-4FC9-A037-0DF8DC6927EF} = {EC2950C0-613B-42AC-9A82-4536163D3C9D}
		{C5D63ED9-0287-430B-A2E6-54D28F1EC651} = {EC2950C0-613B-42AC-9A82-4536163D3C9D}
		{995F4D37-735D-4ABC-85A8-BD3A671A4CDA} = {0FB7CC6E-7894-4628-A102-022496D46F0B}
		{C24EED97-02F6-4FF7-BE16-B25BE421F149} = {0FB7CC6E-7894-4628-A102-022496D46F0B}
		{80136534-8E8B-44CF-B898-908EFEAB13BA} = {23455AA5-18BF-4F3B-8C98-41FCB1C71F0C}
		{03C49188-456E-480C-A51C-22017E031247} = {23455AA5-18BF-4F3B-8C98-41FCB1C71F0C}
		{57E93EEA-16AA-49ED-BA44-95A97BAAEB70} = {23455AA5-18BF-4F3B-8C98-41FCB1C71F0C}
		{A4986E6C-4C2B-4B49-981A-4F41F3B07A5C} = {23455AA5-18BF-4F3B-8C98-41FCB1C71F0C}
		{C2925323-EBC5-4D07-BCCD-E68D059A0FC1} = {23455AA5-18BF-4F3B-8C98-41FCB1C71F0C}
		{EA33835E-769D-4EC5-9123-CA7A25B409CE} = {23455AA5-18BF-4F3B-8C98-41FCB1C71F0C}
		{4463ABF7-D6F6-4F1E-8C57-E1CB53398684} = {23455AA5-18BF-4F3B-8C98-41FCB1C71F0C}
		{1007ACDE-996B-43F0-9067-56F7676A1981} = {C0D4B0CE-547B-484A-88FB-A47228DF83A0}
		{15688671-E88E-4B3E-B56A-665EC6FAC0CC} = {C0D4B0CE-547B-484A-88FB-A47228DF83A0}
		{AF738723-15FC-4098-98DF-E0AF90AF7E83} = {C0D4B0CE-547B-484A-88FB-A47228DF83A0}
		{F889C0C3-C827-4310-ACA0-A2771C71D451} = {C0D4B0CE-547B-484A-88FB-A47228DF83A0}
		{9C24AC9E-4355-4827-89ED-CFA35FC27E85} = {C0D4B0CE-547B-484A-88FB-A47228DF83A0}
		{BDC926A6-1BED-4A93-897C-4D414B151834} = {C0D4B0CE-547B-484A-88FB-A47228DF83A0}
		{9656073D-C256-4E26-B1A5-2C861B30BD09} = {C0D4B0CE-547B-484A-88FB-A47228DF83A0}
		{D039614D-FA02-46C0-9319-A9C1476616E4} = {C0D4B0CE-547B-484A-88FB-A47228DF83A0}
		{BB488F72-8A27-4B2D-81F8-6077C154B3B9} = {C0D4B0CE-547B-484A-88FB-A47228DF83A0}
		{3A78E2B6-6CDD-49B7-A76C-0262A4178C5B} = {C0D4B0CE-547B-484A-88FB-A47228DF83A0}
		{CBA31C08-EBB7-467E-9FB6-2BB5AA40A9C9} = {C0D4B0CE-547B-484A-88FB-A47228DF83A0}
		{115C50FF-B83B-48FF-A417-D2FFEE68E3FA} = {C0D4B0CE-547B-484A-88FB-A47228DF83A0}
		{07352748-5573-491B-B19F-A2D388A739AD} = {B3C175E9-C591-441A-99EB-A208CD850D1E}
		{CF5ADEAA-7F47-490A-BF32-32BA9F5AA0F1} = {B3C175E9-C591-441A-99EB-A208CD850D1E}
		{A7B6D791-ACCA-48F2-BEAD-D134935DA430} = {B3C175E9-C591-441A-99EB-A208CD850D1E}
		{B6AA2DAC-644F-48CF-8472-82B5AEBE77B0} = {B3C175E9-C591-441A-99EB-A208CD850D1E}
		{BE4B0048-A807-4FEB-A234-642294B994DD} = {B3C175E9-C591-441A-99EB-A208CD850D1E}
		{58AA0366-274D-4FEF-86ED-0314C23B94D3} = {07352748-5573-491B-B19F-A2D388A739AD}
		{769FC7FD-691B-4809-97BF-C85C96C5CFE3} = {CF5ADEAA-7F47-490A-BF32-32BA9F5AA0F1}
		{F01FB3A4-C931-4B19-A7B3-174FDF7B27E4} = {CF5ADEAA-7F47-490A-BF32-32BA9F5AA0F1}
		{ABF0632D-6142-4E2D-B3E6-01D575073F8F} = {A7B6D791-ACCA-48F2-BEAD-D134935DA430}
	EndGlobalSection
EndGlobal
